// !$*UTF8*$!
{
	archiveVersion = 1;
	classes = {
	};
	objectVersion = 46;
	objects = {

/* Begin PBXBuildFile section */
		5C0600021CACF47800028541 /* FJPickerView.m in Sources */ = {isa = PBXBuildFile; fileRef = 5C0600011CACF47800028541 /* FJPickerView.m */; };
		5C4741BF1CE47B180090ACCA /* FJWaresNumberPicker.m in Sources */ = {isa = PBXBuildFile; fileRef = 5C4741BE1CE47B180090ACCA /* FJWaresNumberPicker.m */; };
		5CAFDD6C1CEAE35700FF66FE /* 加-不可点@2x.png in Resources */ = {isa = PBXBuildFile; fileRef = 5CAFDD681CEAE35700FF66FE /* 加-不可点@2x.png */; };
		5CAFDD6D1CEAE35700FF66FE /* 加@2x.png in Resources */ = {isa = PBXBuildFile; fileRef = 5CAFDD691CEAE35700FF66FE /* 加@2x.png */; };
		5CAFDD6E1CEAE35700FF66FE /* 减-不可点@2x.png in Resources */ = {isa = PBXBuildFile; fileRef = 5CAFDD6A1CEAE35700FF66FE /* 减-不可点@2x.png */; };
		5CAFDD6F1CEAE35700FF66FE /* 减@2x.png in Resources */ = {isa = PBXBuildFile; fileRef = 5CAFDD6B1CEAE35700FF66FE /* 减@2x.png */; };
		5CAFDD721CEAE3D500FF66FE /* WaresNumberView.m in Sources */ = {isa = PBXBuildFile; fileRef = 5CAFDD711CEAE3D500FF66FE /* WaresNumberView.m */; };
		5CE84C5F1CAB874E002A9D1A /* main.m in Sources */ = {isa = PBXBuildFile; fileRef = 5CE84C5E1CAB874E002A9D1A /* main.m */; };
		5CE84C621CAB874E002A9D1A /* AppDelegate.m in Sources */ = {isa = PBXBuildFile; fileRef = 5CE84C611CAB874E002A9D1A /* AppDelegate.m */; };
		5CE84C651CAB874E002A9D1A /* ViewController.m in Sources */ = {isa = PBXBuildFile; fileRef = 5CE84C641CAB874E002A9D1A /* ViewController.m */; };
		5CE84C681CAB874E002A9D1A /* Main.storyboard in Resources */ = {isa = PBXBuildFile; fileRef = 5CE84C661CAB874E002A9D1A /* Main.storyboard */; };
		5CE84C6A1CAB874E002A9D1A /* Assets.xcassets in Resources */ = {isa = PBXBuildFile; fileRef = 5CE84C691CAB874E002A9D1A /* Assets.xcassets */; };
		5CE84C6D1CAB874E002A9D1A /* LaunchScreen.storyboard in Resources */ = {isa = PBXBuildFile; fileRef = 5CE84C6B1CAB874E002A9D1A /* LaunchScreen.storyboard */; };
		5CE84C781CAB874E002A9D1A /* FJPickerVIewTests.m in Sources */ = {isa = PBXBuildFile; fileRef = 5CE84C771CAB874E002A9D1A /* FJPickerVIewTests.m */; };
		5CE84C831CAB874E002A9D1A /* FJPickerVIewUITests.m in Sources */ = {isa = PBXBuildFile; fileRef = 5CE84C821CAB874E002A9D1A /* FJPickerVIewUITests.m */; };
		5CE84C991CAB87BF002A9D1A /* FJSinglePickerView.m in Sources */ = {isa = PBXBuildFile; fileRef = 5CE84C971CAB87BF002A9D1A /* FJSinglePickerView.m */; };
		5CE84C9A1CAB87BF002A9D1A /* FJSinglePickerView.xib in Resources */ = {isa = PBXBuildFile; fileRef = 5CE84C981CAB87BF002A9D1A /* FJSinglePickerView.xib */; };
/* End PBXBuildFile section */

/* Begin PBXContainerItemProxy section */
		5CE84C741CAB874E002A9D1A /* PBXContainerItemProxy */ = {
			isa = PBXContainerItemProxy;
			containerPortal = 5CE84C521CAB874E002A9D1A /* Project object */;
			proxyType = 1;
			remoteGlobalIDString = 5CE84C591CAB874E002A9D1A;
			remoteInfo = FJPickerVIew;
		};
		5CE84C7F1CAB874E002A9D1A /* PBXContainerItemProxy */ = {
			isa = PBXContainerItemProxy;
			containerPortal = 5CE84C521CAB874E002A9D1A /* Project object */;
			proxyType = 1;
			remoteGlobalIDString = 5CE84C591CAB874E002A9D1A;
			remoteInfo = FJPickerVIew;
		};
/* End PBXContainerItemProxy section */

/* Begin PBXFileReference section */
		5C0600001CACF47800028541 /* FJPickerView.h */ = {isa = PBXFileReference; fileEncoding = 4; lastKnownFileType = sourcecode.c.h; path = FJPickerView.h; sourceTree = "<group>"; };
		5C0600011CACF47800028541 /* FJPickerView.m */ = {isa = PBXFileReference; fileEncoding = 4; lastKnownFileType = sourcecode.c.objc; path = FJPickerView.m; sourceTree = "<group>"; };
		5C4741BD1CE47B180090ACCA /* FJWaresNumberPicker.h */ = {isa = PBXFileReference; fileEncoding = 4; lastKnownFileType = sourcecode.c.h; path = FJWaresNumberPicker.h; sourceTree = "<group>"; };
		5C4741BE1CE47B180090ACCA /* FJWaresNumberPicker.m */ = {isa = PBXFileReference; fileEncoding = 4; lastKnownFileType = sourcecode.c.objc; path = FJWaresNumberPicker.m; sourceTree = "<group>"; };
		5CAFDD681CEAE35700FF66FE /* 加-不可点@2x.png */ = {isa = PBXFileReference; lastKnownFileType = image.png; path = "加-不可点@2x.png"; sourceTree = "<group>"; };
		5CAFDD691CEAE35700FF66FE /* 加@2x.png */ = {isa = PBXFileReference; lastKnownFileType = image.png; path = "加@2x.png"; sourceTree = "<group>"; };
		5CAFDD6A1CEAE35700FF66FE /* 减-不可点@2x.png */ = {isa = PBXFileReference; lastKnownFileType = image.png; path = "减-不可点@2x.png"; sourceTree = "<group>"; };
		5CAFDD6B1CEAE35700FF66FE /* 减@2x.png */ = {isa = PBXFileReference; lastKnownFileType = image.png; path = "减@2x.png"; sourceTree = "<group>"; };
		5CAFDD701CEAE3D500FF66FE /* WaresNumberView.h */ = {isa = PBXFileReference; fileEncoding = 4; lastKnownFileType = sourcecode.c.h; path = WaresNumberView.h; sourceTree = "<group>"; };
		5CAFDD711CEAE3D500FF66FE /* WaresNumberView.m */ = {isa = PBXFileReference; fileEncoding = 4; lastKnownFileType = sourcecode.c.objc; path = WaresNumberView.m; sourceTree = "<group>"; };
		5CE84C5A1CAB874E002A9D1A /* FJPickerVIew.app */ = {isa = PBXFileReference; explicitFileType = wrapper.application; includeInIndex = 0; path = FJPickerVIew.app; sourceTree = BUILT_PRODUCTS_DIR; };
		5CE84C5E1CAB874E002A9D1A /* main.m */ = {isa = PBXFileReference; lastKnownFileType = sourcecode.c.objc; path = main.m; sourceTree = "<group>"; };
		5CE84C601CAB874E002A9D1A /* AppDelegate.h */ = {isa = PBXFileReference; lastKnownFileType = sourcecode.c.h; path = AppDelegate.h; sourceTree = "<group>"; };
		5CE84C611CAB874E002A9D1A /* AppDelegate.m */ = {isa = PBXFileReference; lastKnownFileType = sourcecode.c.objc; path = AppDelegate.m; sourceTree = "<group>"; };
		5CE84C631CAB874E002A9D1A /* ViewController.h */ = {isa = PBXFileReference; lastKnownFileType = sourcecode.c.h; path = ViewController.h; sourceTree = "<group>"; };
		5CE84C641CAB874E002A9D1A /* ViewController.m */ = {isa = PBXFileReference; lastKnownFileType = sourcecode.c.objc; path = ViewController.m; sourceTree = "<group>"; };
		5CE84C671CAB874E002A9D1A /* Base */ = {isa = PBXFileReference; lastKnownFileType = file.storyboard; name = Base; path = Base.lproj/Main.storyboard; sourceTree = "<group>"; };
		5CE84C691CAB874E002A9D1A /* Assets.xcassets */ = {isa = PBXFileReference; lastKnownFileType = folder.assetcatalog; path = Assets.xcassets; sourceTree = "<group>"; };
		5CE84C6C1CAB874E002A9D1A /* Base */ = {isa = PBXFileReference; lastKnownFileType = file.storyboard; name = Base; path = Base.lproj/LaunchScreen.storyboard; sourceTree = "<group>"; };
		5CE84C6E1CAB874E002A9D1A /* Info.plist */ = {isa = PBXFileReference; lastKnownFileType = text.plist.xml; path = Info.plist; sourceTree = "<group>"; };
		5CE84C731CAB874E002A9D1A /* FJPickerVIewTests.xctest */ = {isa = PBXFileReference; explicitFileType = wrapper.cfbundle; includeInIndex = 0; path = FJPickerVIewTests.xctest; sourceTree = BUILT_PRODUCTS_DIR; };
		5CE84C771CAB874E002A9D1A /* FJPickerVIewTests.m */ = {isa = PBXFileReference; lastKnownFileType = sourcecode.c.objc; path = FJPickerVIewTests.m; sourceTree = "<group>"; };
		5CE84C791CAB874E002A9D1A /* Info.plist */ = {isa = PBXFileReference; lastKnownFileType = text.plist.xml; path = Info.plist; sourceTree = "<group>"; };
		5CE84C7E1CAB874E002A9D1A /* FJPickerVIewUITests.xctest */ = {isa = PBXFileReference; explicitFileType = wrapper.cfbundle; includeInIndex = 0; path = FJPickerVIewUITests.xctest; sourceTree = BUILT_PRODUCTS_DIR; };
		5CE84C821CAB874E002A9D1A /* FJPickerVIewUITests.m */ = {isa = PBXFileReference; lastKnownFileType = sourcecode.c.objc; path = FJPickerVIewUITests.m; sourceTree = "<group>"; };
		5CE84C841CAB874E002A9D1A /* Info.plist */ = {isa = PBXFileReference; lastKnownFileType = text.plist.xml; path = Info.plist; sourceTree = "<group>"; };
		5CE84C961CAB87BF002A9D1A /* FJSinglePickerView.h */ = {isa = PBXFileReference; fileEncoding = 4; lastKnownFileType = sourcecode.c.h; path = FJSinglePickerView.h; sourceTree = "<group>"; };
		5CE84C971CAB87BF002A9D1A /* FJSinglePickerView.m */ = {isa = PBXFileReference; fileEncoding = 4; lastKnownFileType = sourcecode.c.objc; path = FJSinglePickerView.m; sourceTree = "<group>"; };
		5CE84C981CAB87BF002A9D1A /* FJSinglePickerView.xib */ = {isa = PBXFileReference; fileEncoding = 4; lastKnownFileType = file.xib; path = FJSinglePickerView.xib; sourceTree = "<group>"; };
/* End PBXFileReference section */

/* Begin PBXFrameworksBuildPhase section */
		5CE84C571CAB874E002A9D1A /* Frameworks */ = {
			isa = PBXFrameworksBuildPhase;
			buildActionMask = 2147483647;
			files = (
			);
			runOnlyForDeploymentPostprocessing = 0;
		};
		5CE84C701CAB874E002A9D1A /* Frameworks */ = {
			isa = PBXFrameworksBuildPhase;
			buildActionMask = 2147483647;
			files = (
			);
			runOnlyForDeploymentPostprocessing = 0;
		};
		5CE84C7B1CAB874E002A9D1A /* Frameworks */ = {
			isa = PBXFrameworksBuildPhase;
			buildActionMask = 2147483647;
			files = (
			);
			runOnlyForDeploymentPostprocessing = 0;
		};
/* End PBXFrameworksBuildPhase section */

/* Begin PBXGroup section */
		5C4741BC1CE47AC60090ACCA /* 商品数量选择 */ = {
			isa = PBXGroup;
			children = (
				5CAFDD681CEAE35700FF66FE /* 加-不可点@2x.png */,
				5CAFDD691CEAE35700FF66FE /* 加@2x.png */,
				5CAFDD6A1CEAE35700FF66FE /* 减-不可点@2x.png */,
				5CAFDD6B1CEAE35700FF66FE /* 减@2x.png */,
				5C4741BD1CE47B180090ACCA /* FJWaresNumberPicker.h */,
				5C4741BE1CE47B180090ACCA /* FJWaresNumberPicker.m */,
				5CAFDD701CEAE3D500FF66FE /* WaresNumberView.h */,
				5CAFDD711CEAE3D500FF66FE /* WaresNumberView.m */,
			);
			path = "商品数量选择";
			sourceTree = "<group>";
		};
		5CE84C511CAB874E002A9D1A = {
			isa = PBXGroup;
			children = (
				5CE84C5C1CAB874E002A9D1A /* FJPickerVIew */,
				5CE84C761CAB874E002A9D1A /* FJPickerVIewTests */,
				5CE84C811CAB874E002A9D1A /* FJPickerVIewUITests */,
				5CE84C5B1CAB874E002A9D1A /* Products */,
			);
			sourceTree = "<group>";
		};
		5CE84C5B1CAB874E002A9D1A /* Products */ = {
			isa = PBXGroup;
			children = (
				5CE84C5A1CAB874E002A9D1A /* FJPickerVIew.app */,
				5CE84C731CAB874E002A9D1A /* FJPickerVIewTests.xctest */,
				5CE84C7E1CAB874E002A9D1A /* FJPickerVIewUITests.xctest */,
			);
			name = Products;
			sourceTree = "<group>";
		};
		5CE84C5C1CAB874E002A9D1A /* FJPickerVIew */ = {
			isa = PBXGroup;
			children = (
				5C4741BC1CE47AC60090ACCA /* 商品数量选择 */,
				5CE84C951CAB87BF002A9D1A /* SinglePickerView */,
				5CE84C601CAB874E002A9D1A /* AppDelegate.h */,
				5CE84C611CAB874E002A9D1A /* AppDelegate.m */,
				5CE84C631CAB874E002A9D1A /* ViewController.h */,
				5CE84C641CAB874E002A9D1A /* ViewController.m */,
				5CE84C661CAB874E002A9D1A /* Main.storyboard */,
				5CE84C691CAB874E002A9D1A /* Assets.xcassets */,
				5CE84C6B1CAB874E002A9D1A /* LaunchScreen.storyboard */,
				5CE84C6E1CAB874E002A9D1A /* Info.plist */,
				5CE84C5D1CAB874E002A9D1A /* Supporting Files */,
			);
			path = FJPickerVIew;
			sourceTree = "<group>";
		};
		5CE84C5D1CAB874E002A9D1A /* Supporting Files */ = {
			isa = PBXGroup;
			children = (
				5CE84C5E1CAB874E002A9D1A /* main.m */,
			);
			name = "Supporting Files";
			sourceTree = "<group>";
		};
		5CE84C761CAB874E002A9D1A /* FJPickerVIewTests */ = {
			isa = PBXGroup;
			children = (
				5CE84C771CAB874E002A9D1A /* FJPickerVIewTests.m */,
				5CE84C791CAB874E002A9D1A /* Info.plist */,
			);
			path = FJPickerVIewTests;
			sourceTree = "<group>";
		};
		5CE84C811CAB874E002A9D1A /* FJPickerVIewUITests */ = {
			isa = PBXGroup;
			children = (
				5CE84C821CAB874E002A9D1A /* FJPickerVIewUITests.m */,
				5CE84C841CAB874E002A9D1A /* Info.plist */,
			);
			path = FJPickerVIewUITests;
			sourceTree = "<group>";
		};
		5CE84C951CAB87BF002A9D1A /* SinglePickerView */ = {
			isa = PBXGroup;
			children = (
				5CE84C961CAB87BF002A9D1A /* FJSinglePickerView.h */,
				5CE84C971CAB87BF002A9D1A /* FJSinglePickerView.m */,
				5CE84C981CAB87BF002A9D1A /* FJSinglePickerView.xib */,
				5C0600001CACF47800028541 /* FJPickerView.h */,
				5C0600011CACF47800028541 /* FJPickerView.m */,
			);
			path = SinglePickerView;
			sourceTree = "<group>";
		};
/* End PBXGroup section */

/* Begin PBXNativeTarget section */
		5CE84C591CAB874E002A9D1A /* FJPickerVIew */ = {
			isa = PBXNativeTarget;
			buildConfigurationList = 5CE84C871CAB874E002A9D1A /* Build configuration list for PBXNativeTarget "FJPickerVIew" */;
			buildPhases = (
				5CE84C561CAB874E002A9D1A /* Sources */,
				5CE84C571CAB874E002A9D1A /* Frameworks */,
				5CE84C581CAB874E002A9D1A /* Resources */,
			);
			buildRules = (
			);
			dependencies = (
			);
			name = FJPickerVIew;
			productName = FJPickerVIew;
			productReference = 5CE84C5A1CAB874E002A9D1A /* FJPickerVIew.app */;
			productType = "com.apple.product-type.application";
		};
		5CE84C721CAB874E002A9D1A /* FJPickerVIewTests */ = {
			isa = PBXNativeTarget;
			buildConfigurationList = 5CE84C8A1CAB874E002A9D1A /* Build configuration list for PBXNativeTarget "FJPickerVIewTests" */;
			buildPhases = (
				5CE84C6F1CAB874E002A9D1A /* Sources */,
				5CE84C701CAB874E002A9D1A /* Frameworks */,
				5CE84C711CAB874E002A9D1A /* Resources */,
			);
			buildRules = (
			);
			dependencies = (
				5CE84C751CAB874E002A9D1A /* PBXTargetDependency */,
			);
			name = FJPickerVIewTests;
			productName = FJPickerVIewTests;
			productReference = 5CE84C731CAB874E002A9D1A /* FJPickerVIewTests.xctest */;
			productType = "com.apple.product-type.bundle.unit-test";
		};
		5CE84C7D1CAB874E002A9D1A /* FJPickerVIewUITests */ = {
			isa = PBXNativeTarget;
			buildConfigurationList = 5CE84C8D1CAB874E002A9D1A /* Build configuration list for PBXNativeTarget "FJPickerVIewUITests" */;
			buildPhases = (
				5CE84C7A1CAB874E002A9D1A /* Sources */,
				5CE84C7B1CAB874E002A9D1A /* Frameworks */,
				5CE84C7C1CAB874E002A9D1A /* Resources */,
			);
			buildRules = (
			);
			dependencies = (
				5CE84C801CAB874E002A9D1A /* PBXTargetDependency */,
			);
			name = FJPickerVIewUITests;
			productName = FJPickerVIewUITests;
			productReference = 5CE84C7E1CAB874E002A9D1A /* FJPickerVIewUITests.xctest */;
			productType = "com.apple.product-type.bundle.ui-testing";
		};
/* End PBXNativeTarget section */

/* Begin PBXProject section */
		5CE84C521CAB874E002A9D1A /* Project object */ = {
			isa = PBXProject;
			attributes = {
				LastUpgradeCheck = 0720;
				ORGANIZATIONNAME = RockyFung;
				TargetAttributes = {
					5CE84C591CAB874E002A9D1A = {
						CreatedOnToolsVersion = 7.2;
					};
					5CE84C721CAB874E002A9D1A = {
						CreatedOnToolsVersion = 7.2;
						TestTargetID = 5CE84C591CAB874E002A9D1A;
					};
					5CE84C7D1CAB874E002A9D1A = {
						CreatedOnToolsVersion = 7.2;
						TestTargetID = 5CE84C591CAB874E002A9D1A;
					};
				};
			};
			buildConfigurationList = 5CE84C551CAB874E002A9D1A /* Build configuration list for PBXProject "FJPickerVIew" */;
			compatibilityVersion = "Xcode 3.2";
			developmentRegion = English;
			hasScannedForEncodings = 0;
			knownRegions = (
				en,
				Base,
			);
			mainGroup = 5CE84C511CAB874E002A9D1A;
			productRefGroup = 5CE84C5B1CAB874E002A9D1A /* Products */;
			projectDirPath = "";
			projectRoot = "";
			targets = (
				5CE84C591CAB874E002A9D1A /* FJPickerVIew */,
				5CE84C721CAB874E002A9D1A /* FJPickerVIewTests */,
				5CE84C7D1CAB874E002A9D1A /* FJPickerVIewUITests */,
			);
		};
/* End PBXProject section */

/* Begin PBXResourcesBuildPhase section */
		5CE84C581CAB874E002A9D1A /* Resources */ = {
			isa = PBXResourcesBuildPhase;
			buildActionMask = 2147483647;
			files = (
				5CE84C6D1CAB874E002A9D1A /* LaunchScreen.storyboard in Resources */,
				5CE84C6A1CAB874E002A9D1A /* Assets.xcassets in Resources */,
				5CE84C9A1CAB87BF002A9D1A /* FJSinglePickerView.xib in Resources */,
				5CE84C681CAB874E002A9D1A /* Main.storyboard in Resources */,
				5CAFDD6F1CEAE35700FF66FE /* 减@2x.png in Resources */,
				5CAFDD6E1CEAE35700FF66FE /* 减-不可点@2x.png in Resources */,
				5CAFDD6C1CEAE35700FF66FE /* 加-不可点@2x.png in Resources */,
				5CAFDD6D1CEAE35700FF66FE /* 加@2x.png in Resources */,
			);
			runOnlyForDeploymentPostprocessing = 0;
		};
		5CE84C711CAB874E002A9D1A /* Resources */ = {
			isa = PBXResourcesBuildPhase;
			buildActionMask = 2147483647;
			files = (
			);
			runOnlyForDeploymentPostprocessing = 0;
		};
		5CE84C7C1CAB874E002A9D1A /* Resources */ = {
			isa = PBXResourcesBuildPhase;
			buildActionMask = 2147483647;
			files = (
			);
			runOnlyForDeploymentPostprocessing = 0;
		};
/* End PBXResourcesBuildPhase section */

/* Begin PBXSourcesBuildPhase section */
		5CE84C561CAB874E002A9D1A /* Sources */ = {
			isa = PBXSourcesBuildPhase;
			buildActionMask = 2147483647;
			files = (
				5CE84C651CAB874E002A9D1A /* ViewController.m in Sources */,
				5C0600021CACF47800028541 /* FJPickerView.m in Sources */,
				5CE84C621CAB874E002A9D1A /* AppDelegate.m in Sources */,
				5CE84C991CAB87BF002A9D1A /* FJSinglePickerView.m in Sources */,
				5CAFDD721CEAE3D500FF66FE /* WaresNumberView.m in Sources */,
				5CE84C5F1CAB874E002A9D1A /* main.m in Sources */,
				5C4741BF1CE47B180090ACCA /* FJWaresNumberPicker.m in Sources */,
			);
			runOnlyForDeploymentPostprocessing = 0;
		};
		5CE84C6F1CAB874E002A9D1A /* Sources */ = {
			isa = PBXSourcesBuildPhase;
			buildActionMask = 2147483647;
			files = (
				5CE84C781CAB874E002A9D1A /* FJPickerVIewTests.m in Sources */,
			);
			runOnlyForDeploymentPostprocessing = 0;
		};
		5CE84C7A1CAB874E002A9D1A /* Sources */ = {
			isa = PBXSourcesBuildPhase;
			buildActionMask = 2147483647;
			files = (
				5CE84C831CAB874E002A9D1A /* FJPickerVIewUITests.m in Sources */,
			);
			runOnlyForDeploymentPostprocessing = 0;
		};
/* End PBXSourcesBuildPhase section */

/* Begin PBXTargetDependency section */
		5CE84C751CAB874E002A9D1A /* PBXTargetDependency */ = {
			isa = PBXTargetDependency;
			target = 5CE84C591CAB874E002A9D1A /* FJPickerVIew */;
			targetProxy = 5CE84C741CAB874E002A9D1A /* PBXContainerItemProxy */;
		};
		5CE84C801CAB874E002A9D1A /* PBXTargetDependency */ = {
			isa = PBXTargetDependency;
			target = 5CE84C591CAB874E002A9D1A /* FJPickerVIew */;
			targetProxy = 5CE84C7F1CAB874E002A9D1A /* PBXContainerItemProxy */;
		};
/* End PBXTargetDependency section */

/* Begin PBXVariantGroup section */
		5CE84C661CAB874E002A9D1A /* Main.storyboard */ = {
			isa = PBXVariantGroup;
			children = (
				5CE84C671CAB874E002A9D1A /* Base */,
			);
			name = Main.storyboard;
			sourceTree = "<group>";
		};
		5CE84C6B1CAB874E002A9D1A /* LaunchScreen.storyboard */ = {
			isa = PBXVariantGroup;
			children = (
				5CE84C6C1CAB874E002A9D1A /* Base */,
			);
			name = LaunchScreen.storyboard;
			sourceTree = "<group>";
		};
/* End PBXVariantGroup section */

/* Begin XCBuildConfiguration section */
		5CE84C851CAB874E002A9D1A /* Debug */ = {
			isa = XCBuildConfiguration;
			buildSettings = {
				ALWAYS_SEARCH_USER_PATHS = NO;
				CLANG_CXX_LANGUAGE_STANDARD = "gnu++0x";
				CLANG_CXX_LIBRARY = "libc++";
				CLANG_ENABLE_MODULES = YES;
				CLANG_ENABLE_OBJC_ARC = YES;
				CLANG_WARN_BOOL_CONVERSION = YES;
				CLANG_WARN_CONSTANT_CONVERSION = YES;
				CLANG_WARN_DIRECT_OBJC_ISA_USAGE = YES_ERROR;
				CLANG_WARN_EMPTY_BODY = YES;
				CLANG_WARN_ENUM_CONVERSION = YES;
				CLANG_WARN_INT_CONVERSION = YES;
				CLANG_WARN_OBJC_ROOT_CLASS = YES_ERROR;
				CLANG_WARN_UNREACHABLE_CODE = YES;
				CLANG_WARN__DUPLICATE_METHOD_MATCH = YES;
				"CODE_SIGN_IDENTITY[sdk=iphoneos*]" = "iPhone Developer";
				COPY_PHASE_STRIP = NO;
				DEBUG_INFORMATION_FORMAT = dwarf;
				ENABLE_STRICT_OBJC_MSGSEND = YES;
				ENABLE_TESTABILITY = YES;
				GCC_C_LANGUAGE_STANDARD = gnu99;
				GCC_DYNAMIC_NO_PIC = NO;
				GCC_NO_COMMON_BLOCKS = YES;
				GCC_OPTIMIZATION_LEVEL = 0;
				GCC_PREPROCESSOR_DEFINITIONS = (
					"DEBUG=1",
					"$(inherited)",
				);
				GCC_WARN_64_TO_32_BIT_CONVERSION = YES;
				GCC_WARN_ABOUT_RETURN_TYPE = YES_ERROR;
				GCC_WARN_UNDECLARED_SELECTOR = YES;
				GCC_WARN_UNINITIALIZED_AUTOS = YES_AGGRESSIVE;
				GCC_WARN_UNUSED_FUNCTION = YES;
				GCC_WARN_UNUSED_VARIABLE = YES;
				IPHONEOS_DEPLOYMENT_TARGET = 9.2;
				MTL_ENABLE_DEBUG_INFO = YES;
				ONLY_ACTIVE_ARCH = YES;
				SDKROOT = iphoneos;
				TARGETED_DEVICE_FAMILY = "1,2";
			};
			name = Debug;
		};
		5CE84C861CAB874E002A9D1A /* Release */ = {
			isa = XCBuildConfiguration;
			buildSettings = {
				ALWAYS_SEARCH_USER_PATHS = NO;
				CLANG_CXX_LANGUAGE_STANDARD = "gnu++0x";
				CLANG_CXX_LIBRARY = "libc++";
				CLANG_ENABLE_MODULES = YES;
				CLANG_ENABLE_OBJC_ARC = YES;
				CLANG_WARN_BOOL_CONVERSION = YES;
				CLANG_WARN_CONSTANT_CONVERSION = YES;
				CLANG_WARN_DIRECT_OBJC_ISA_USAGE = YES_ERROR;
				CLANG_WARN_EMPTY_BODY = YES;
				CLANG_WARN_ENUM_CONVERSION = YES;
				CLANG_WARN_INT_CONVERSION = YES;
				CLANG_WARN_OBJC_ROOT_CLASS = YES_ERROR;
				CLANG_WARN_UNREACHABLE_CODE = YES;
				CLANG_WARN__DUPLICATE_METHOD_MATCH = YES;
				"CODE_SIGN_IDENTITY[sdk=iphoneos*]" = "iPhone Developer";
				COPY_PHASE_STRIP = NO;
				DEBUG_INFORMATION_FORMAT = "dwarf-with-dsym";
				ENABLE_NS_ASSERTIONS = NO;
				ENABLE_STRICT_OBJC_MSGSEND = YES;
				GCC_C_LANGUAGE_STANDARD = gnu99;
				GCC_NO_COMMON_BLOCKS = YES;
				GCC_WARN_64_TO_32_BIT_CONVERSION = YES;
				GCC_WARN_ABOUT_RETURN_TYPE = YES_ERROR;
				GCC_WARN_UNDECLARED_SELECTOR = YES;
				GCC_WARN_UNINITIALIZED_AUTOS = YES_AGGRESSIVE;
				GCC_WARN_UNUSED_FUNCTION = YES;
				GCC_WARN_UNUSED_VARIABLE = YES;
				IPHONEOS_DEPLOYMENT_TARGET = 9.2;
				MTL_ENABLE_DEBUG_INFO = NO;
				SDKROOT = iphoneos;
				TARGETED_DEVICE_FAMILY = "1,2";
				VALIDATE_PRODUCT = YES;
			};
			name = Release;
		};
		5CE84C881CAB874E002A9D1A /* Debug */ = {
			isa = XCBuildConfiguration;
			buildSettings = {
				ASSETCATALOG_COMPILER_APPICON_NAME = AppIcon;
				INFOPLIST_FILE = FJPickerVIew/Info.plist;
				LD_RUNPATH_SEARCH_PATHS = "$(inherited) @executable_path/Frameworks";
				PRODUCT_BUNDLE_IDENTIFIER = com.xiaochunxinyu.FJPickerVIew;
				PRODUCT_NAME = "$(TARGET_NAME)";
			};
			name = Debug;
		};
		5CE84C891CAB874E002A9D1A /* Release */ = {
			isa = XCBuildConfiguration;
			buildSettings = {
				ASSETCATALOG_COMPILER_APPICON_NAME = AppIcon;
				INFOPLIST_FILE = FJPickerVIew/Info.plist;
				LD_RUNPATH_SEARCH_PATHS = "$(inherited) @executable_path/Frameworks";
				PRODUCT_BUNDLE_IDENTIFIER = com.xiaochunxinyu.FJPickerVIew;
				PRODUCT_NAME = "$(TARGET_NAME)";
			};
			name = Release;
		};
		5CE84C8B1CAB874E002A9D1A /* Debug */ = {
			isa = XCBuildConfiguration;
			buildSettings = {
				BUNDLE_LOADER = "$(TEST_HOST)";
				INFOPLIST_FILE = FJPickerVIewTests/Info.plist;
				LD_RUNPATH_SEARCH_PATHS = "$(inherited) @executable_path/Frameworks @loader_path/Frameworks";
				PRODUCT_BUNDLE_IDENTIFIER = com.xiaochunxinyu.FJPickerVIewTests;
				PRODUCT_NAME = "$(TARGET_NAME)";
				TEST_HOST = "$(BUILT_PRODUCTS_DIR)/FJPickerVIew.app/FJPickerVIew";
			};
			name = Debug;
		};
		5CE84C8C1CAB874E002A9D1A /* Release */ = {
			isa = XCBuildConfiguration;
			buildSettings = {
				BUNDLE_LOADER = "$(TEST_HOST)";
				INFOPLIST_FILE = FJPickerVIewTests/Info.plist;
				LD_RUNPATH_SEARCH_PATHS = "$(inherited) @executable_path/Frameworks @loader_path/Frameworks";
				PRODUCT_BUNDLE_IDENTIFIER = com.xiaochunxinyu.FJPickerVIewTests;
				PRODUCT_NAME = "$(TARGET_NAME)";
				TEST_HOST = "$(BUILT_PRODUCTS_DIR)/FJPickerVIew.app/FJPickerVIew";
			};
			name = Release;
		};
		5CE84C8E1CAB874E002A9D1A /* Debug */ = {
			isa = XCBuildConfiguration;
			buildSettings = {
				INFOPLIST_FILE = FJPickerVIewUITests/Info.plist;
				LD_RUNPATH_SEARCH_PATHS = "$(inherited) @executable_path/Frameworks @loader_path/Frameworks";
				PRODUCT_BUNDLE_IDENTIFIER = com.xiaochunxinyu.FJPickerVIewUITests;
				PRODUCT_NAME = "$(TARGET_NAME)";
				TEST_TARGET_NAME = FJPickerVIew;
				USES_XCTRUNNER = YES;
			};
			name = Debug;
		};
		5CE84C8F1CAB874E002A9D1A /* Release */ = {
			isa = XCBuildConfiguration;
			buildSettings = {
				INFOPLIST_FILE = FJPickerVIewUITests/Info.plist;
				LD_RUNPATH_SEARCH_PATHS = "$(inherited) @executable_path/Frameworks @loader_path/Frameworks";
				PRODUCT_BUNDLE_IDENTIFIER = com.xiaochunxinyu.FJPickerVIewUITests;
				PRODUCT_NAME = "$(TARGET_NAME)";
				TEST_TARGET_NAME = FJPickerVIew;
				USES_XCTRUNNER = YES;
			};
			name = Release;
		};
/* End XCBuildConfiguration section */

/* Begin XCConfigurationList section */
		5CE84C551CAB874E002A9D1A /* Build configuration list for PBXProject "FJPickerVIew" */ = {
			isa = XCConfigurationList;
			buildConfigurations = (
				5CE84C851CAB874E002A9D1A /* Debug */,
				5CE84C861CAB874E002A9D1A /* Release */,
			);
			defaultConfigurationIsVisible = 0;
			defaultConfigurationName = Release;
		};
		5CE84C871CAB874E002A9D1A /* Build configuration list for PBXNativeTarget "FJPickerVIew" */ = {
			isa = XCConfigurationList;
			buildConfigurations = (
				5CE84C881CAB874E002A9D1A /* Debug */,
				5CE84C891CAB874E002A9D1A /* Release */,
			);
			defaultConfigurationIsVisible = 0;
			defaultConfigurationName = Release;
		};
		5CE84C8A1CAB874E002A9D1A /* Build configuration list for PBXNativeTarget "FJPickerVIewTests" */ = {
			isa = XCConfigurationList;
			buildConfigurations = (
				5CE84C8B1CAB874E002A9D1A /* Debug */,
				5CE84C8C1CAB874E002A9D1A /* Release */,
			);
			defaultConfigurationIsVisible = 0;
			defaultConfigurationName = Release;
		};
		5CE84C8D1CAB874E002A9D1A /* Build configuration list for PBXNativeTarget "FJPickerVIewUITests" */ = {
			isa = XCConfigurationList;
			buildConfigurations = (
				5CE84C8E1CAB874E002A9D1A /* Debug */,
				5CE84C8F1CAB874E002A9D1A /* Release */,
			);
			defaultConfigurationIsVisible = 0;
			defaultConfigurationName = Release;
		};
/* End XCConfigurationList section */
	};
	rootObject = 5CE84C521CAB874E002A9D1A /* Project object */;
}
